
Microsoft Visual Studio Solution File, Format Version 12.00
# Visual Studio Version 16
VisualStudioVersion = 16.0.30804.86
MinimumVisualStudioVersion = 10.0.40219.1
Project("{FAE04EC0-301F-11D3-BF4B-00C04F79EFBC}") = "GigHub", "GigHub\GigHub.csproj", "{35DB24E2-B901-48C7-B7D2-21E9014CE493}"
EndProject
Global
	GlobalSection(SolutionConfigurationPlatforms) = preSolution
		Debug|Any CPU = Debug|Any CPU
		Release|Any CPU = Release|Any CPU
	EndGlobalSection
	GlobalSection(ProjectConfigurationPlatforms) = postSolution
		{35DB24E2-B901-48C7-B7D2-21E9014CE493}.Debug|Any CPU.ActiveCfg = Debug|Any CPU
		{35DB24E2-B901-48C7-B7D2-21E9014CE493}.Debug|Any CPU.Build.0 = Debug|Any CPU
		{35DB24E2-B901-48C7-B7D2-21E9014CE493}.Release|Any CPU.ActiveCfg = Release|Any CPU
		{35DB24E2-B901-48C7-B7D2-21E9014CE493}.Release|Any CPU.Build.0 = Release|Any CPU
	EndGlobalSection
	GlobalSection(SolutionProperties) = preSolution
		HideSolutionNode = FALSE
	EndGlobalSection
	GlobalSection(ExtensibilityGlobals) = postSolution
		SolutionGuid = {857915A2-FEE1-4AA1-8414-EB3FBFDAE035}
	EndGlobalSection
EndGlobal
